
Microsoft Visual Studio Solution File, Format Version 12.00
# Visual Studio 2012
Project("{FAE04EC0-301F-11D3-BF4B-00C04F79EFBC}") = "Practice-201307", "Practice-201307\Practice-201307.csproj", "{10506EEB-9414-4DE8-8D9B-76F0B5FCBE59}"
EndProject
Project("{FAE04EC0-301F-11D3-BF4B-00C04F79EFBC}") = "UnitTests", "UnitTests\UnitTests.csproj", "{0420E113-9410-4653-A81F-57A92B20CBED}"
EndProject
Global
	GlobalSection(SolutionConfigurationPlatforms) = preSolution
		Debug|Any CPU = Debug|Any CPU
		Release|Any CPU = Release|Any CPU
	EndGlobalSection
	GlobalSection(ProjectConfigurationPlatforms) = postSolution
		{10506EEB-9414-4DE8-8D9B-76F0B5FCBE59}.Debug|Any CPU.ActiveCfg = Debug|Any CPU
		{10506EEB-9414-4DE8-8D9B-76F0B5FCBE59}.Debug|Any CPU.Build.0 = Debug|Any CPU
		{10506EEB-9414-4DE8-8D9B-76F0B5FCBE59}.Release|Any CPU.ActiveCfg = Release|Any CPU
		{10506EEB-9414-4DE8-8D9B-76F0B5FCBE59}.Release|Any CPU.Build.0 = Release|Any CPU
		{0420E113-9410-4653-A81F-57A92B20CBED}.Debug|Any CPU.ActiveCfg = Debug|Any CPU
		{0420E113-9410-4653-A81F-57A92B20CBED}.Debug|Any CPU.Build.0 = Debug|Any CPU
		{0420E113-9410-4653-A81F-57A92B20CBED}.Release|Any CPU.ActiveCfg = Release|Any CPU
		{0420E113-9410-4653-A81F-57A92B20CBED}.Release|Any CPU.Build.0 = Release|Any CPU
	EndGlobalSection
	GlobalSection(SolutionProperties) = preSolution
		HideSolutionNode = FALSE
	EndGlobalSection
EndGlobal
